
Microsoft Visual Studio Solution File, Format Version 12.00
# Visual Studio Version 16
VisualStudioVersion = 16.0.28803.352
MinimumVisualStudioVersion = 10.0.40219.1
Project("{2150E333-8FDC-42A3-9474-1A3956D46DE8}") = "src", "src", "{B0F5F1F0-01D0-4E25-98AF-58196BFD7D60}"
EndProject
Project("{2150E333-8FDC-42A3-9474-1A3956D46DE8}") = "test", "test", "{AF3D62C2-50DF-4B77-8134-FC4C55B18703}"
EndProject
Project("{9A19103F-16F7-4668-BE54-9A1E7A4F7556}") = "Sentry.AsyncStackTrace", "Sentry.AsyncStackTrace\Sentry.AsyncStackTrace.csproj", "{524F5B32-E041-4A2E-A363-30E998198D1B}"
EndProject
Project("{9A19103F-16F7-4668-BE54-9A1E7A4F7556}") = "Sentry.AsyncStackTrace.Tests", "Sentry.AsyncStackTrace.Tests\Sentry.AsyncStackTrace.Tests.csproj", "{C0C20E5E-A7D5-48F7-B5F4-BA234DCAA3A2}"
EndProject
Project("{2150E333-8FDC-42A3-9474-1A3956D46DE8}") = "Solution Items", "Solution Items", "{F9C8A4F5-DB39-43CF-887F-C631C8211FE9}"
	ProjectSection(SolutionItems) = preProject
		.editorconfig = .editorconfig
		.gitignore = .gitignore
	EndProjectSection
EndProject
Global
	GlobalSection(SolutionConfigurationPlatforms) = preSolution
		Debug|Any CPU = Debug|Any CPU
		Release|Any CPU = Release|Any CPU
	EndGlobalSection
	GlobalSection(ProjectConfigurationPlatforms) = postSolution
		{524F5B32-E041-4A2E-A363-30E998198D1B}.Debug|Any CPU.ActiveCfg = Debug|Any CPU
		{524F5B32-E041-4A2E-A363-30E998198D1B}.Debug|Any CPU.Build.0 = Debug|Any CPU
		{524F5B32-E041-4A2E-A363-30E998198D1B}.Release|Any CPU.ActiveCfg = Release|Any CPU
		{524F5B32-E041-4A2E-A363-30E998198D1B}.Release|Any CPU.Build.0 = Release|Any CPU
		{C0C20E5E-A7D5-48F7-B5F4-BA234DCAA3A2}.Debug|Any CPU.ActiveCfg = Debug|Any CPU
		{C0C20E5E-A7D5-48F7-B5F4-BA234DCAA3A2}.Debug|Any CPU.Build.0 = Debug|Any CPU
		{C0C20E5E-A7D5-48F7-B5F4-BA234DCAA3A2}.Release|Any CPU.ActiveCfg = Release|Any CPU
		{C0C20E5E-A7D5-48F7-B5F4-BA234DCAA3A2}.Release|Any CPU.Build.0 = Release|Any CPU
	EndGlobalSection
	GlobalSection(SolutionProperties) = preSolution
		HideSolutionNode = FALSE
	EndGlobalSection
	GlobalSection(NestedProjects) = preSolution
		{524F5B32-E041-4A2E-A363-30E998198D1B} = {B0F5F1F0-01D0-4E25-98AF-58196BFD7D60}
		{C0C20E5E-A7D5-48F7-B5F4-BA234DCAA3A2} = {AF3D62C2-50DF-4B77-8134-FC4C55B18703}
	EndGlobalSection
	GlobalSection(ExtensibilityGlobals) = postSolution
		SolutionGuid = {0E49EEA4-C6A2-4B9E-AFB5-DD94F526959C}
	EndGlobalSection
EndGlobal
